# This file is autogenerated, do not edit; changes may be undone by the next 'dep ensure'.


[[projects]]
  branch = "set-password"
  digest = "1:05b11ac9051c30757c094122163f2c9db343b5345386cde9ec2f832a99e8f6ca"
  name = "github.com/cloudfoundry-community/go-uaa"
  packages = [
    ".",
    "passwordcredentials",
  ]
  pruneopts = "UT"
  revision = "8691d3345bb6d8ef7820b76436871cbde0eeb26d"
  source = "github.com/govau/go-uaa"

[[projects]]
  digest = "1:865079840386857c809b72ce300be7580cb50d3d3129ce11bf9aa6ca2bc1934a"
  name = "github.com/fatih/color"
  packages = ["."]
  pruneopts = "UT"
  revision = "5b77d2a35fb0ede96d138fc9a99f5c9b6aef11b4"
  version = "v1.7.0"

[[projects]]
  digest = "1:318f1c959a8a740366fce4b1e1eb2fd914036b4af58fbd0a003349b305f118ad"
  name = "github.com/golang/protobuf"
  packages = ["proto"]
  pruneopts = "UT"
  revision = "b5d812f8a3706043e23a9cd5babf2e5423744d30"
  version = "v1.3.1"

[[projects]]
  digest = "1:20c9a48bf528c74416f1f66bef064e287dc3e181469552f7165ff5c470438a0f"
  name = "github.com/jszwedko/go-circleci"
  packages = ["."]
  pruneopts = "UT"
  revision = "0150d5f69b6fec5b54c699c832e1d6962c739529"
  version = "v0.2.0"

[[projects]]
  digest = "1:c658e84ad3916da105a761660dcaeb01e63416c8ec7bc62256a9b411a05fcd67"
  name = "github.com/mattn/go-colorable"
  packages = ["."]
  pruneopts = "UT"
  revision = "167de6bfdfba052fa6b2d3664c8f5272e23c9072"
  version = "v0.0.9"

[[projects]]
  digest = "1:e150b5fafbd7607e2d638e4e5cf43aa4100124e5593385147b0a74e2733d8b0d"
  name = "github.com/mattn/go-isatty"
  packages = ["."]
  pruneopts = "UT"
  revision = "c2a7a6ca930a4cd0bc33a3f298eb71960732a3a7"
  version = "v0.0.7"

[[projects]]
  digest = "1:cf31692c14422fa27c83a05292eb5cbe0fb2775972e8f1f8446a71549bd8980b"
  name = "github.com/pkg/errors"
  packages = ["."]
  pruneopts = "UT"
  revision = "ba968bfe8b2f7e042a574c888954fccecfa385b4"
  version = "v0.8.1"

[[projects]]
  branch = "master"
  digest = "1:f8b491a7c25030a895a0e579742d07136e6958e77ef2d46e769db8eec4e58fcd"
  name = "golang.org/x/net"
  packages = [
    "context",
    "context/ctxhttp",
  ]
  pruneopts = "UT"
  revision = "9ce7a6920f093fc0b908c4a5f66ae049110f417e"

[[projects]]
  branch = "master"
  digest = "1:ea31c184eb8c9cfa35e072f99f28019f0947e41e976e171916d0bf6e145a59c4"
  name = "golang.org/x/oauth2"
  packages = [
    ".",
    "clientcredentials",
    "internal",
  ]
  pruneopts = "UT"
  revision = "9f3314589c9a9136388751d9adae6b0ed400978a"

[[projects]]
  branch = "master"
  digest = "1:dcd2e9de31e20e01b156288ce4fc239498564295bdbb59d8aaf591af94778162"
  name = "golang.org/x/sys"
  packages = ["unix"]
  pruneopts = "UT"
  revision = "d89cdac9e8725f2aefce25fcbfef41134c9ad412"

[[projects]]
  digest = "1:6eb6e3b6d9fffb62958cf7f7d88dbbe1dd6839436b0802e194c590667a40412a"
  name = "google.golang.org/appengine"
  packages = [
    "internal",
    "internal/base",
    "internal/datastore",
    "internal/log",
    "internal/remote_api",
    "internal/urlfetch",
    "urlfetch",
  ]
  pruneopts = "UT"
  revision = "54a98f90d1c46b7731eb8fb305d2a321c30ef610"
  version = "v1.5.0"

[[projects]]
  digest = "1:4d2e5a73dc1500038e504a8d78b986630e3626dc027bc030ba5c75da257cdb96"
  name = "gopkg.in/yaml.v2"
  packages = ["."]
  pruneopts = "UT"
  revision = "51d6538a90f86fe93ac480b35f37b2be17fef232"
  version = "v2.2.2"

[solve-meta]
  analyzer-name = "dep"
  analyzer-version = 1
  input-imports = [
    "github.com/cloudfoundry-community/go-uaa",
    "github.com/jszwedko/go-circleci",
    "gopkg.in/yaml.v2",
  ]
  solver-name = "gps-cdcl"
  solver-version = 1
